
Microsoft Visual Studio Solution File, Format Version 12.00
Project("{FAE04EC0-301F-11D3-BF4B-00C04F79EFBC}") = "Log", "Log\Log.csproj", "{606EFDD0-D0CB-4000-9B3B-B5993748A08D}"
EndProject
Project("{FAE04EC0-301F-11D3-BF4B-00C04F79EFBC}") = "FileReader", "FileReader\FileReader.csproj", "{43031641-4D10-4C80-A494-921009D4380C}"
EndProject
Project("{FAE04EC0-301F-11D3-BF4B-00C04F79EFBC}") = "DataStructures", "DataStructures\DataStructures.csproj", "{DC5ABB54-E6D8-4898-8E22-BF3FDCC72AB3}"
EndProject
Project("{FAE04EC0-301F-11D3-BF4B-00C04F79EFBC}") = "Algorithms", "Algorithms\Algorithms.csproj", "{17815977-36E6-43A4-9AB5-EC066BA59E73}"
EndProject
Project("{FAE04EC0-301F-11D3-BF4B-00C04F79EFBC}") = "Tests", "Tests\Tests.csproj", "{6BD37306-93B9-4CF1-98D1-5CA66E01F960}"
EndProject
Global
	GlobalSection(SolutionConfigurationPlatforms) = preSolution
		Debug|Any CPU = Debug|Any CPU
		Release|Any CPU = Release|Any CPU
	EndGlobalSection
	GlobalSection(ProjectConfigurationPlatforms) = postSolution
		{606EFDD0-D0CB-4000-9B3B-B5993748A08D}.Debug|Any CPU.ActiveCfg = Debug|Any CPU
		{606EFDD0-D0CB-4000-9B3B-B5993748A08D}.Debug|Any CPU.Build.0 = Debug|Any CPU
		{606EFDD0-D0CB-4000-9B3B-B5993748A08D}.Release|Any CPU.ActiveCfg = Release|Any CPU
		{606EFDD0-D0CB-4000-9B3B-B5993748A08D}.Release|Any CPU.Build.0 = Release|Any CPU
		{43031641-4D10-4C80-A494-921009D4380C}.Debug|Any CPU.ActiveCfg = Debug|Any CPU
		{43031641-4D10-4C80-A494-921009D4380C}.Debug|Any CPU.Build.0 = Debug|Any CPU
		{43031641-4D10-4C80-A494-921009D4380C}.Release|Any CPU.ActiveCfg = Release|Any CPU
		{43031641-4D10-4C80-A494-921009D4380C}.Release|Any CPU.Build.0 = Release|Any CPU
		{DC5ABB54-E6D8-4898-8E22-BF3FDCC72AB3}.Debug|Any CPU.ActiveCfg = Debug|Any CPU
		{DC5ABB54-E6D8-4898-8E22-BF3FDCC72AB3}.Debug|Any CPU.Build.0 = Debug|Any CPU
		{DC5ABB54-E6D8-4898-8E22-BF3FDCC72AB3}.Release|Any CPU.ActiveCfg = Release|Any CPU
		{DC5ABB54-E6D8-4898-8E22-BF3FDCC72AB3}.Release|Any CPU.Build.0 = Release|Any CPU
		{17815977-36E6-43A4-9AB5-EC066BA59E73}.Debug|Any CPU.ActiveCfg = Debug|Any CPU
		{17815977-36E6-43A4-9AB5-EC066BA59E73}.Debug|Any CPU.Build.0 = Debug|Any CPU
		{17815977-36E6-43A4-9AB5-EC066BA59E73}.Release|Any CPU.ActiveCfg = Release|Any CPU
		{17815977-36E6-43A4-9AB5-EC066BA59E73}.Release|Any CPU.Build.0 = Release|Any CPU
		{6BD37306-93B9-4CF1-98D1-5CA66E01F960}.Debug|Any CPU.ActiveCfg = Debug|Any CPU
		{6BD37306-93B9-4CF1-98D1-5CA66E01F960}.Debug|Any CPU.Build.0 = Debug|Any CPU
		{6BD37306-93B9-4CF1-98D1-5CA66E01F960}.Release|Any CPU.ActiveCfg = Release|Any CPU
		{6BD37306-93B9-4CF1-98D1-5CA66E01F960}.Release|Any CPU.Build.0 = Release|Any CPU
	EndGlobalSection
EndGlobal
